# This file was autogenerated by Stack.
# You should not edit this file by hand.
# For more information, please see the documentation at:
#   https://docs.haskellstack.org/en/stable/lock_files

packages:
- completed:
    hackage: pretty-simple-2.0.0.0@sha256:52ff9a58a952c8b8638a610f36a711e8b76ed122625530affb2b51dfb06717a3,3342
    pantry-tree:
      size: 1228
      sha256: 2cce7ef0af6929e155f7e4eaeb91e0feac5e843fd7781f21661078ae418dccca
  original:
    hackage: pretty-simple-2.0.0.0
snapshots:
- completed:
    size: 496697
    url: https://raw.githubusercontent.com/commercialhaskell/stackage-snapshots/master/lts/13/9.yaml
    sha256: 3846ba7d13dd1b2679426dc3f450332a3b8a181063b0f3fc2d0c7d55db2e9c24
  original: lts-13.9
